
Microsoft Visual Studio Solution File, Format Version 12.00
# Visual Studio 14
VisualStudioVersion = 14.0.25420.1
MinimumVisualStudioVersion = 10.0.40219.1
Project("{FAE04EC0-301F-11D3-BF4B-00C04F79EFBC}") = "Cycling.Models", "Cycling.Models\Cycling.Models.csproj", "{268EFD88-3F15-40DE-AF76-4B7A60D4B482}"
EndProject
Project("{FAE04EC0-301F-11D3-BF4B-00C04F79EFBC}") = "Cycling.Data", "Cycling.Data\Cycling.Data.csproj", "{C5BD4C3C-6FCA-4476-8F49-4F6D35C0E499}"
EndProject
Project("{FAE04EC0-301F-11D3-BF4B-00C04F79EFBC}") = "Cycling.Web", "Cycling.Web\Cycling.Web.csproj", "{7261D08B-A334-4A9F-B7DC-E440A515A1FF}"
EndProject
Project("{FAE04EC0-301F-11D3-BF4B-00C04F79EFBC}") = "Cycling.App.Tests", "Cycling.App.Tests\Cycling.App.Tests.csproj", "{CBDBA704-1F2F-4998-AA1E-3C2BA4E19450}"
EndProject
Project("{FAE04EC0-301F-11D3-BF4B-00C04F79EFBC}") = "Cycling.Data.Postgre", "Cycling.Data.Postgre\Cycling.Data.Postgre.csproj", "{0D283310-84C0-479C-87ED-1064E807F133}"
EndProject
Project("{FAE04EC0-301F-11D3-BF4B-00C04F79EFBC}") = "Cycling.Data.SQLite", "Cycling.Data.SQLite\Cycling.Data.SQLite.csproj", "{273718E3-899B-4C64-97E2-3CA7DC9E4652}"
EndProject
Project("{FAE04EC0-301F-11D3-BF4B-00C04F79EFBC}") = "Cycling.Data.Common", "Cycling.Data.Common\Cycling.Data.Common.csproj", "{41A11000-09E6-4981-90A8-2600F3B5EE60}"
EndProject
Global
	GlobalSection(SolutionConfigurationPlatforms) = preSolution
		Debug|Any CPU = Debug|Any CPU
		Release|Any CPU = Release|Any CPU
	EndGlobalSection
	GlobalSection(ProjectConfigurationPlatforms) = postSolution
		{268EFD88-3F15-40DE-AF76-4B7A60D4B482}.Debug|Any CPU.ActiveCfg = Debug|Any CPU
		{268EFD88-3F15-40DE-AF76-4B7A60D4B482}.Debug|Any CPU.Build.0 = Debug|Any CPU
		{268EFD88-3F15-40DE-AF76-4B7A60D4B482}.Release|Any CPU.ActiveCfg = Release|Any CPU
		{268EFD88-3F15-40DE-AF76-4B7A60D4B482}.Release|Any CPU.Build.0 = Release|Any CPU
		{C5BD4C3C-6FCA-4476-8F49-4F6D35C0E499}.Debug|Any CPU.ActiveCfg = Debug|Any CPU
		{C5BD4C3C-6FCA-4476-8F49-4F6D35C0E499}.Debug|Any CPU.Build.0 = Debug|Any CPU
		{C5BD4C3C-6FCA-4476-8F49-4F6D35C0E499}.Release|Any CPU.ActiveCfg = Release|Any CPU
		{C5BD4C3C-6FCA-4476-8F49-4F6D35C0E499}.Release|Any CPU.Build.0 = Release|Any CPU
		{7261D08B-A334-4A9F-B7DC-E440A515A1FF}.Debug|Any CPU.ActiveCfg = Debug|Any CPU
		{7261D08B-A334-4A9F-B7DC-E440A515A1FF}.Debug|Any CPU.Build.0 = Debug|Any CPU
		{7261D08B-A334-4A9F-B7DC-E440A515A1FF}.Release|Any CPU.ActiveCfg = Release|Any CPU
		{7261D08B-A334-4A9F-B7DC-E440A515A1FF}.Release|Any CPU.Build.0 = Release|Any CPU
		{CBDBA704-1F2F-4998-AA1E-3C2BA4E19450}.Debug|Any CPU.ActiveCfg = Debug|Any CPU
		{CBDBA704-1F2F-4998-AA1E-3C2BA4E19450}.Debug|Any CPU.Build.0 = Debug|Any CPU
		{CBDBA704-1F2F-4998-AA1E-3C2BA4E19450}.Release|Any CPU.ActiveCfg = Release|Any CPU
		{CBDBA704-1F2F-4998-AA1E-3C2BA4E19450}.Release|Any CPU.Build.0 = Release|Any CPU
		{0D283310-84C0-479C-87ED-1064E807F133}.Debug|Any CPU.ActiveCfg = Debug|Any CPU
		{0D283310-84C0-479C-87ED-1064E807F133}.Debug|Any CPU.Build.0 = Debug|Any CPU
		{0D283310-84C0-479C-87ED-1064E807F133}.Release|Any CPU.ActiveCfg = Release|Any CPU
		{0D283310-84C0-479C-87ED-1064E807F133}.Release|Any CPU.Build.0 = Release|Any CPU
		{273718E3-899B-4C64-97E2-3CA7DC9E4652}.Debug|Any CPU.ActiveCfg = Debug|Any CPU
		{273718E3-899B-4C64-97E2-3CA7DC9E4652}.Debug|Any CPU.Build.0 = Debug|Any CPU
		{273718E3-899B-4C64-97E2-3CA7DC9E4652}.Release|Any CPU.ActiveCfg = Release|Any CPU
		{273718E3-899B-4C64-97E2-3CA7DC9E4652}.Release|Any CPU.Build.0 = Release|Any CPU
		{41A11000-09E6-4981-90A8-2600F3B5EE60}.Debug|Any CPU.ActiveCfg = Debug|Any CPU
		{41A11000-09E6-4981-90A8-2600F3B5EE60}.Debug|Any CPU.Build.0 = Debug|Any CPU
		{41A11000-09E6-4981-90A8-2600F3B5EE60}.Release|Any CPU.ActiveCfg = Release|Any CPU
		{41A11000-09E6-4981-90A8-2600F3B5EE60}.Release|Any CPU.Build.0 = Release|Any CPU
	EndGlobalSection
	GlobalSection(SolutionProperties) = preSolution
		HideSolutionNode = FALSE
	EndGlobalSection
EndGlobal
