
Microsoft Visual Studio Solution File, Format Version 12.00
# Visual Studio 15
VisualStudioVersion = 15.0.27130.2010
MinimumVisualStudioVersion = 10.0.40219.1
Project("{9A19103F-16F7-4668-BE54-9A1E7A4F7556}") = "SportsBetting.Web", "SportsBetting.Web\SportsBetting.Web.csproj", "{4BEBC7E3-4F4A-4233-9905-CC2205FA7060}"
EndProject
Project("{9A19103F-16F7-4668-BE54-9A1E7A4F7556}") = "SportsBetting.Data", "SportsBetting.Data\SportsBetting.Data.csproj", "{6A2AA62E-E536-4E01-B8F9-383E2072520B}"
EndProject
Project("{9A19103F-16F7-4668-BE54-9A1E7A4F7556}") = "SportsBetting.Data.Models", "SportsBetting.Data.Models\SportsBetting.Data.Models.csproj", "{69D0A87A-E9F4-477A-AD9E-ACFFCEB7EC1E}"
EndProject
Project("{9A19103F-16F7-4668-BE54-9A1E7A4F7556}") = "SportsBetting.Data.Common", "SportsBetting.Data.Common\SportsBetting.Data.Common.csproj", "{B963BBD2-0D0C-4E13-938C-D3E6077FBFFE}"
EndProject
Project("{FAE04EC0-301F-11D3-BF4B-00C04F79EFBC}") = "SportsBetting.Services", "SportsBetting.Services\SportsBetting.Services.csproj", "{A2E3DE6F-3B6F-4A6F-9A5C-82FB89361182}"
EndProject
Global
	GlobalSection(SolutionConfigurationPlatforms) = preSolution
		Debug|Any CPU = Debug|Any CPU
		Release|Any CPU = Release|Any CPU
	EndGlobalSection
	GlobalSection(ProjectConfigurationPlatforms) = postSolution
		{4BEBC7E3-4F4A-4233-9905-CC2205FA7060}.Debug|Any CPU.ActiveCfg = Debug|Any CPU
		{4BEBC7E3-4F4A-4233-9905-CC2205FA7060}.Debug|Any CPU.Build.0 = Debug|Any CPU
		{4BEBC7E3-4F4A-4233-9905-CC2205FA7060}.Release|Any CPU.ActiveCfg = Release|Any CPU
		{4BEBC7E3-4F4A-4233-9905-CC2205FA7060}.Release|Any CPU.Build.0 = Release|Any CPU
		{6A2AA62E-E536-4E01-B8F9-383E2072520B}.Debug|Any CPU.ActiveCfg = Debug|Any CPU
		{6A2AA62E-E536-4E01-B8F9-383E2072520B}.Debug|Any CPU.Build.0 = Debug|Any CPU
		{6A2AA62E-E536-4E01-B8F9-383E2072520B}.Release|Any CPU.ActiveCfg = Release|Any CPU
		{6A2AA62E-E536-4E01-B8F9-383E2072520B}.Release|Any CPU.Build.0 = Release|Any CPU
		{69D0A87A-E9F4-477A-AD9E-ACFFCEB7EC1E}.Debug|Any CPU.ActiveCfg = Debug|Any CPU
		{69D0A87A-E9F4-477A-AD9E-ACFFCEB7EC1E}.Debug|Any CPU.Build.0 = Debug|Any CPU
		{69D0A87A-E9F4-477A-AD9E-ACFFCEB7EC1E}.Release|Any CPU.ActiveCfg = Release|Any CPU
		{69D0A87A-E9F4-477A-AD9E-ACFFCEB7EC1E}.Release|Any CPU.Build.0 = Release|Any CPU
		{B963BBD2-0D0C-4E13-938C-D3E6077FBFFE}.Debug|Any CPU.ActiveCfg = Debug|Any CPU
		{B963BBD2-0D0C-4E13-938C-D3E6077FBFFE}.Debug|Any CPU.Build.0 = Debug|Any CPU
		{B963BBD2-0D0C-4E13-938C-D3E6077FBFFE}.Release|Any CPU.ActiveCfg = Release|Any CPU
		{B963BBD2-0D0C-4E13-938C-D3E6077FBFFE}.Release|Any CPU.Build.0 = Release|Any CPU
		{A2E3DE6F-3B6F-4A6F-9A5C-82FB89361182}.Debug|Any CPU.ActiveCfg = Debug|Any CPU
		{A2E3DE6F-3B6F-4A6F-9A5C-82FB89361182}.Debug|Any CPU.Build.0 = Debug|Any CPU
		{A2E3DE6F-3B6F-4A6F-9A5C-82FB89361182}.Release|Any CPU.ActiveCfg = Release|Any CPU
		{A2E3DE6F-3B6F-4A6F-9A5C-82FB89361182}.Release|Any CPU.Build.0 = Release|Any CPU
	EndGlobalSection
	GlobalSection(SolutionProperties) = preSolution
		HideSolutionNode = FALSE
	EndGlobalSection
	GlobalSection(ExtensibilityGlobals) = postSolution
		SolutionGuid = {0B998556-0EB6-474B-B497-43E496312BD3}
	EndGlobalSection
EndGlobal
