
Microsoft Visual Studio Solution File, Format Version 12.00
# Visual Studio 15
VisualStudioVersion = 15.0.26730.16
MinimumVisualStudioVersion = 10.0.40219.1
Project("{2150E333-8FDC-42A3-9474-1A3956D46DE8}") = "Web", "Web", "{22F1B1DD-9A06-483A-89DA-F5DF2F3F83A8}"
EndProject
Project("{FAE04EC0-301F-11D3-BF4B-00C04F79EFBC}") = "Autos4Sale.Web", "Web\Autos4Sale.Web\Autos4Sale.Web.csproj", "{8BC9CFA5-C522-4249-81B8-5E1A86FD14B9}"
EndProject
Project("{2150E333-8FDC-42A3-9474-1A3956D46DE8}") = "Data", "Data", "{C3866016-A512-4615-9976-DDC784795A99}"
EndProject
Project("{FAE04EC0-301F-11D3-BF4B-00C04F79EFBC}") = "Autos4Sale.Data", "Data\Autos4Sale.Data\Autos4Sale.Data.csproj", "{F1307AEF-8D8C-44F1-9249-CEA6E6B7D4A2}"
EndProject
Project("{FAE04EC0-301F-11D3-BF4B-00C04F79EFBC}") = "Autos4Sale.Data.Models", "Data\Autos4Sale.Data.Models\Autos4Sale.Data.Models.csproj", "{280798CB-7923-404F-90BB-E890B732D781}"
EndProject
Project("{FAE04EC0-301F-11D3-BF4B-00C04F79EFBC}") = "Autos4Sale.Data.Common", "Data\Autos4Sale.Data.Common\Autos4Sale.Data.Common.csproj", "{DD14861B-3508-4015-832E-2E0002B9B16F}"
EndProject
Project("{2150E333-8FDC-42A3-9474-1A3956D46DE8}") = "Services", "Services", "{E5941C26-F9FD-411F-AB23-7586D71ADD22}"
EndProject
Project("{FAE04EC0-301F-11D3-BF4B-00C04F79EFBC}") = "Autos4Sale.Services", "Services\Autos4Sale.Services\Autos4Sale.Services.csproj", "{787E8868-7F94-4E83-A028-B051640E1DFE}"
EndProject
Project("{2150E333-8FDC-42A3-9474-1A3956D46DE8}") = "Tests", "Tests", "{0F61483B-ADC0-4BA7-8356-C11F2B2B9D96}"
EndProject
Project("{FAE04EC0-301F-11D3-BF4B-00C04F79EFBC}") = "Autos4Sale.UnitTests", "Tests\Autos4Sale.UnitTests\Autos4Sale.UnitTests.csproj", "{3B30C452-DE22-4C51-B7A0-12219E91CC1D}"
EndProject
Project("{FAE04EC0-301F-11D3-BF4B-00C04F79EFBC}") = "Autos4Sale.IntegrationTests", "Tests\Autos4Sale.IntegrationTests\Autos4Sale.IntegrationTests.csproj", "{E4F7DE75-769D-4EE0-9FC4-9B394DA18323}"
EndProject
Project("{FAE04EC0-301F-11D3-BF4B-00C04F79EFBC}") = "Autos4Sale.Services.Web", "Services\Autos4Sale.Services.Web\Autos4Sale.Services.Web.csproj", "{533DC57E-3DFC-4886-A5E5-D5E2E7AF8333}"
EndProject
Global
	GlobalSection(SolutionConfigurationPlatforms) = preSolution
		Debug|Any CPU = Debug|Any CPU
		Release|Any CPU = Release|Any CPU
	EndGlobalSection
	GlobalSection(ProjectConfigurationPlatforms) = postSolution
		{8BC9CFA5-C522-4249-81B8-5E1A86FD14B9}.Debug|Any CPU.ActiveCfg = Debug|Any CPU
		{8BC9CFA5-C522-4249-81B8-5E1A86FD14B9}.Debug|Any CPU.Build.0 = Debug|Any CPU
		{8BC9CFA5-C522-4249-81B8-5E1A86FD14B9}.Release|Any CPU.ActiveCfg = Release|Any CPU
		{8BC9CFA5-C522-4249-81B8-5E1A86FD14B9}.Release|Any CPU.Build.0 = Release|Any CPU
		{F1307AEF-8D8C-44F1-9249-CEA6E6B7D4A2}.Debug|Any CPU.ActiveCfg = Debug|Any CPU
		{F1307AEF-8D8C-44F1-9249-CEA6E6B7D4A2}.Debug|Any CPU.Build.0 = Debug|Any CPU
		{F1307AEF-8D8C-44F1-9249-CEA6E6B7D4A2}.Release|Any CPU.ActiveCfg = Release|Any CPU
		{F1307AEF-8D8C-44F1-9249-CEA6E6B7D4A2}.Release|Any CPU.Build.0 = Release|Any CPU
		{280798CB-7923-404F-90BB-E890B732D781}.Debug|Any CPU.ActiveCfg = Debug|Any CPU
		{280798CB-7923-404F-90BB-E890B732D781}.Debug|Any CPU.Build.0 = Debug|Any CPU
		{280798CB-7923-404F-90BB-E890B732D781}.Release|Any CPU.ActiveCfg = Release|Any CPU
		{280798CB-7923-404F-90BB-E890B732D781}.Release|Any CPU.Build.0 = Release|Any CPU
		{DD14861B-3508-4015-832E-2E0002B9B16F}.Debug|Any CPU.ActiveCfg = Debug|Any CPU
		{DD14861B-3508-4015-832E-2E0002B9B16F}.Debug|Any CPU.Build.0 = Debug|Any CPU
		{DD14861B-3508-4015-832E-2E0002B9B16F}.Release|Any CPU.ActiveCfg = Release|Any CPU
		{DD14861B-3508-4015-832E-2E0002B9B16F}.Release|Any CPU.Build.0 = Release|Any CPU
		{787E8868-7F94-4E83-A028-B051640E1DFE}.Debug|Any CPU.ActiveCfg = Debug|Any CPU
		{787E8868-7F94-4E83-A028-B051640E1DFE}.Debug|Any CPU.Build.0 = Debug|Any CPU
		{787E8868-7F94-4E83-A028-B051640E1DFE}.Release|Any CPU.ActiveCfg = Release|Any CPU
		{787E8868-7F94-4E83-A028-B051640E1DFE}.Release|Any CPU.Build.0 = Release|Any CPU
		{3B30C452-DE22-4C51-B7A0-12219E91CC1D}.Debug|Any CPU.ActiveCfg = Debug|Any CPU
		{3B30C452-DE22-4C51-B7A0-12219E91CC1D}.Debug|Any CPU.Build.0 = Debug|Any CPU
		{3B30C452-DE22-4C51-B7A0-12219E91CC1D}.Release|Any CPU.ActiveCfg = Release|Any CPU
		{3B30C452-DE22-4C51-B7A0-12219E91CC1D}.Release|Any CPU.Build.0 = Release|Any CPU
		{E4F7DE75-769D-4EE0-9FC4-9B394DA18323}.Debug|Any CPU.ActiveCfg = Debug|Any CPU
		{E4F7DE75-769D-4EE0-9FC4-9B394DA18323}.Debug|Any CPU.Build.0 = Debug|Any CPU
		{E4F7DE75-769D-4EE0-9FC4-9B394DA18323}.Release|Any CPU.ActiveCfg = Release|Any CPU
		{E4F7DE75-769D-4EE0-9FC4-9B394DA18323}.Release|Any CPU.Build.0 = Release|Any CPU
		{533DC57E-3DFC-4886-A5E5-D5E2E7AF8333}.Debug|Any CPU.ActiveCfg = Debug|Any CPU
		{533DC57E-3DFC-4886-A5E5-D5E2E7AF8333}.Debug|Any CPU.Build.0 = Debug|Any CPU
		{533DC57E-3DFC-4886-A5E5-D5E2E7AF8333}.Release|Any CPU.ActiveCfg = Release|Any CPU
		{533DC57E-3DFC-4886-A5E5-D5E2E7AF8333}.Release|Any CPU.Build.0 = Release|Any CPU
	EndGlobalSection
	GlobalSection(SolutionProperties) = preSolution
		HideSolutionNode = FALSE
	EndGlobalSection
	GlobalSection(NestedProjects) = preSolution
		{8BC9CFA5-C522-4249-81B8-5E1A86FD14B9} = {22F1B1DD-9A06-483A-89DA-F5DF2F3F83A8}
		{F1307AEF-8D8C-44F1-9249-CEA6E6B7D4A2} = {C3866016-A512-4615-9976-DDC784795A99}
		{280798CB-7923-404F-90BB-E890B732D781} = {C3866016-A512-4615-9976-DDC784795A99}
		{DD14861B-3508-4015-832E-2E0002B9B16F} = {C3866016-A512-4615-9976-DDC784795A99}
		{787E8868-7F94-4E83-A028-B051640E1DFE} = {E5941C26-F9FD-411F-AB23-7586D71ADD22}
		{3B30C452-DE22-4C51-B7A0-12219E91CC1D} = {0F61483B-ADC0-4BA7-8356-C11F2B2B9D96}
		{E4F7DE75-769D-4EE0-9FC4-9B394DA18323} = {0F61483B-ADC0-4BA7-8356-C11F2B2B9D96}
		{533DC57E-3DFC-4886-A5E5-D5E2E7AF8333} = {E5941C26-F9FD-411F-AB23-7586D71ADD22}
	EndGlobalSection
	GlobalSection(ExtensibilityGlobals) = postSolution
		SolutionGuid = {5171F164-B722-4CA9-90F3-A8DFAC578E77}
	EndGlobalSection
EndGlobal
